
Microsoft Visual Studio Solution File, Format Version 12.00
# Visual Studio Version 17
VisualStudioVersion = 17.1.32210.238
MinimumVisualStudioVersion = 10.0.40219.1
Project("{2150E333-8FDC-42A3-9474-1A3956D46DE8}") = "src", "src", "{729AF68E-7295-493A-9607-DD895E6F37DA}"
EndProject
Project("{2150E333-8FDC-42A3-9474-1A3956D46DE8}") = "BuildingBlocks", "BuildingBlocks", "{89E6CE4E-8856-4390-AAC5-B9EC9BB77391}"
EndProject
Project("{2150E333-8FDC-42A3-9474-1A3956D46DE8}") = "Services", "Services", "{2AE772B1-5916-42E3-9A26-1DC8C3E30A2A}"
EndProject
Project("{2150E333-8FDC-42A3-9474-1A3956D46DE8}") = "Web", "Web", "{FE31CD77-3595-4FFF-BDA8-907B0DDD7CD6}"
EndProject
Project("{2150E333-8FDC-42A3-9474-1A3956D46DE8}") = "Identity", "Identity", "{7B6A9B15-0C27-4285-B09F-9ABAAB847D0A}"
EndProject
Project("{9A19103F-16F7-4668-BE54-9A1E7A4F7556}") = "Identity.API", "src\Services\NerdStoreEnterprise.Services.Identity.API\Identity.API.csproj", "{B88B6C4A-D45C-4E76-B4E9-96686C11219F}"
EndProject
Project("{9A19103F-16F7-4668-BE54-9A1E7A4F7556}") = "WebApp.Mvc", "src\Web\NerdStoreEnterprise.WebApp.Mvc\WebApp.Mvc.csproj", "{6D7A18F1-A0BD-4B5D-B37B-35729C58789B}"
EndProject
Project("{2150E333-8FDC-42A3-9474-1A3956D46DE8}") = "tests", "tests", "{4B08FCAC-54AA-4506-BBFD-8E777AD657B3}"
EndProject
Project("{2150E333-8FDC-42A3-9474-1A3956D46DE8}") = "Cart", "Cart", "{3A799C80-06AA-4A1F-96F5-F7892FC32925}"
EndProject
Project("{2150E333-8FDC-42A3-9474-1A3956D46DE8}") = "Core", "Core", "{AF580F3C-EAD3-4C4D-A3E4-C8F50DD800CC}"
EndProject
Project("{9A19103F-16F7-4668-BE54-9A1E7A4F7556}") = "Cart.API", "src\Services\NerdStoreEnterprise.Services.Cart\Cart.API.csproj", "{2832DC3E-5CB0-4568-91AF-B505816CDA66}"
EndProject
Project("{2150E333-8FDC-42A3-9474-1A3956D46DE8}") = "Catalog", "Catalog", "{25CAA3EB-4572-456E-AAC6-2124DFDFF0BF}"
EndProject
Project("{9A19103F-16F7-4668-BE54-9A1E7A4F7556}") = "Catalog.API", "src\Services\NerdStoreEnterprise.Services.Catalog.API\Catalog.API.csproj", "{AA19CC41-4A03-4787-B150-13B72FED33FD}"
EndProject
Project("{2150E333-8FDC-42A3-9474-1A3956D46DE8}") = "Client", "Client", "{0B8F483D-545B-415F-A570-DED05453963A}"
EndProject
Project("{9A19103F-16F7-4668-BE54-9A1E7A4F7556}") = "Client.API", "src\Services\NerdStoreEnterprise.Services.Client.API\Client.API.csproj", "{CDC4F526-E7E0-4FBD-B99F-D61B0C87E7E2}"
EndProject
Project("{2150E333-8FDC-42A3-9474-1A3956D46DE8}") = "Payment", "Payment", "{A2DEB2F1-D80B-4E2C-B4AD-0097A22E23A1}"
EndProject
Project("{9A19103F-16F7-4668-BE54-9A1E7A4F7556}") = "Payment.API", "src\services\NerdStoreEnterprise.Services.Payment.API\Payment.API.csproj", "{C63C3335-690D-4A83-B2DB-550248553EE8}"
EndProject
Project("{2150E333-8FDC-42A3-9474-1A3956D46DE8}") = "Order", "Order", "{F3641341-317F-4AEC-AEB7-35B90DAA73ED}"
EndProject
Project("{9A19103F-16F7-4668-BE54-9A1E7A4F7556}") = "Order.API", "src\Services\NerdStoreEnterprise.Services.Order.API\Order.API.csproj", "{682C8E8D-76CC-4C6A-BB0B-59D2A0936B79}"
EndProject
Project("{2150E333-8FDC-42A3-9474-1A3956D46DE8}") = "MVC", "MVC", "{9FFE1B16-B4E6-44E4-AB1A-C732474525BB}"
EndProject
Project("{9A19103F-16F7-4668-BE54-9A1E7A4F7556}") = "Shared", "src\Building Blocks\NerdStoreEnterprise.BuildingBlocks.Core\Shared.csproj", "{EE07449D-E452-4A6E-92B0-CCC91CEA8184}"
EndProject
Project("{2150E333-8FDC-42A3-9474-1A3956D46DE8}") = "Services", "Services", "{7AC5CDFD-53EC-433D-AD01-AB52C7314364}"
EndProject
Project("{9A19103F-16F7-4668-BE54-9A1E7A4F7556}") = "Core", "src\Building Blocks\NerdStoreEnterprise.BuildingBlocks.WebAPI.Core\Core.csproj", "{8931FE92-E2AC-41FD-9364-BDFF44C396CD}"
EndProject
Project("{2150E333-8FDC-42A3-9474-1A3956D46DE8}") = "SPA", "SPA", "{9837D692-9CCF-4820-83E3-7E4E095E3DD4}"
EndProject
Global
	GlobalSection(SolutionConfigurationPlatforms) = preSolution
		Debug|Any CPU = Debug|Any CPU
		Release|Any CPU = Release|Any CPU
	EndGlobalSection
	GlobalSection(ProjectConfigurationPlatforms) = postSolution
		{B88B6C4A-D45C-4E76-B4E9-96686C11219F}.Debug|Any CPU.ActiveCfg = Debug|Any CPU
		{B88B6C4A-D45C-4E76-B4E9-96686C11219F}.Debug|Any CPU.Build.0 = Debug|Any CPU
		{B88B6C4A-D45C-4E76-B4E9-96686C11219F}.Release|Any CPU.ActiveCfg = Release|Any CPU
		{B88B6C4A-D45C-4E76-B4E9-96686C11219F}.Release|Any CPU.Build.0 = Release|Any CPU
		{6D7A18F1-A0BD-4B5D-B37B-35729C58789B}.Debug|Any CPU.ActiveCfg = Debug|Any CPU
		{6D7A18F1-A0BD-4B5D-B37B-35729C58789B}.Debug|Any CPU.Build.0 = Debug|Any CPU
		{6D7A18F1-A0BD-4B5D-B37B-35729C58789B}.Release|Any CPU.ActiveCfg = Release|Any CPU
		{6D7A18F1-A0BD-4B5D-B37B-35729C58789B}.Release|Any CPU.Build.0 = Release|Any CPU
		{2832DC3E-5CB0-4568-91AF-B505816CDA66}.Debug|Any CPU.ActiveCfg = Debug|Any CPU
		{2832DC3E-5CB0-4568-91AF-B505816CDA66}.Debug|Any CPU.Build.0 = Debug|Any CPU
		{2832DC3E-5CB0-4568-91AF-B505816CDA66}.Release|Any CPU.ActiveCfg = Release|Any CPU
		{2832DC3E-5CB0-4568-91AF-B505816CDA66}.Release|Any CPU.Build.0 = Release|Any CPU
		{AA19CC41-4A03-4787-B150-13B72FED33FD}.Debug|Any CPU.ActiveCfg = Debug|Any CPU
		{AA19CC41-4A03-4787-B150-13B72FED33FD}.Debug|Any CPU.Build.0 = Debug|Any CPU
		{AA19CC41-4A03-4787-B150-13B72FED33FD}.Release|Any CPU.ActiveCfg = Release|Any CPU
		{AA19CC41-4A03-4787-B150-13B72FED33FD}.Release|Any CPU.Build.0 = Release|Any CPU
		{CDC4F526-E7E0-4FBD-B99F-D61B0C87E7E2}.Debug|Any CPU.ActiveCfg = Debug|Any CPU
		{CDC4F526-E7E0-4FBD-B99F-D61B0C87E7E2}.Debug|Any CPU.Build.0 = Debug|Any CPU
		{CDC4F526-E7E0-4FBD-B99F-D61B0C87E7E2}.Release|Any CPU.ActiveCfg = Release|Any CPU
		{CDC4F526-E7E0-4FBD-B99F-D61B0C87E7E2}.Release|Any CPU.Build.0 = Release|Any CPU
		{C63C3335-690D-4A83-B2DB-550248553EE8}.Debug|Any CPU.ActiveCfg = Debug|Any CPU
		{C63C3335-690D-4A83-B2DB-550248553EE8}.Debug|Any CPU.Build.0 = Debug|Any CPU
		{C63C3335-690D-4A83-B2DB-550248553EE8}.Release|Any CPU.ActiveCfg = Release|Any CPU
		{C63C3335-690D-4A83-B2DB-550248553EE8}.Release|Any CPU.Build.0 = Release|Any CPU
		{682C8E8D-76CC-4C6A-BB0B-59D2A0936B79}.Debug|Any CPU.ActiveCfg = Debug|Any CPU
		{682C8E8D-76CC-4C6A-BB0B-59D2A0936B79}.Debug|Any CPU.Build.0 = Debug|Any CPU
		{682C8E8D-76CC-4C6A-BB0B-59D2A0936B79}.Release|Any CPU.ActiveCfg = Release|Any CPU
		{682C8E8D-76CC-4C6A-BB0B-59D2A0936B79}.Release|Any CPU.Build.0 = Release|Any CPU
		{EE07449D-E452-4A6E-92B0-CCC91CEA8184}.Debug|Any CPU.ActiveCfg = Debug|Any CPU
		{EE07449D-E452-4A6E-92B0-CCC91CEA8184}.Debug|Any CPU.Build.0 = Debug|Any CPU
		{EE07449D-E452-4A6E-92B0-CCC91CEA8184}.Release|Any CPU.ActiveCfg = Release|Any CPU
		{EE07449D-E452-4A6E-92B0-CCC91CEA8184}.Release|Any CPU.Build.0 = Release|Any CPU
		{8931FE92-E2AC-41FD-9364-BDFF44C396CD}.Debug|Any CPU.ActiveCfg = Debug|Any CPU
		{8931FE92-E2AC-41FD-9364-BDFF44C396CD}.Debug|Any CPU.Build.0 = Debug|Any CPU
		{8931FE92-E2AC-41FD-9364-BDFF44C396CD}.Release|Any CPU.ActiveCfg = Release|Any CPU
		{8931FE92-E2AC-41FD-9364-BDFF44C396CD}.Release|Any CPU.Build.0 = Release|Any CPU
	EndGlobalSection
	GlobalSection(SolutionProperties) = preSolution
		HideSolutionNode = FALSE
	EndGlobalSection
	GlobalSection(NestedProjects) = preSolution
		{89E6CE4E-8856-4390-AAC5-B9EC9BB77391} = {729AF68E-7295-493A-9607-DD895E6F37DA}
		{2AE772B1-5916-42E3-9A26-1DC8C3E30A2A} = {729AF68E-7295-493A-9607-DD895E6F37DA}
		{FE31CD77-3595-4FFF-BDA8-907B0DDD7CD6} = {729AF68E-7295-493A-9607-DD895E6F37DA}
		{7B6A9B15-0C27-4285-B09F-9ABAAB847D0A} = {2AE772B1-5916-42E3-9A26-1DC8C3E30A2A}
		{B88B6C4A-D45C-4E76-B4E9-96686C11219F} = {7B6A9B15-0C27-4285-B09F-9ABAAB847D0A}
		{6D7A18F1-A0BD-4B5D-B37B-35729C58789B} = {9FFE1B16-B4E6-44E4-AB1A-C732474525BB}
		{3A799C80-06AA-4A1F-96F5-F7892FC32925} = {2AE772B1-5916-42E3-9A26-1DC8C3E30A2A}
		{AF580F3C-EAD3-4C4D-A3E4-C8F50DD800CC} = {89E6CE4E-8856-4390-AAC5-B9EC9BB77391}
		{2832DC3E-5CB0-4568-91AF-B505816CDA66} = {3A799C80-06AA-4A1F-96F5-F7892FC32925}
		{25CAA3EB-4572-456E-AAC6-2124DFDFF0BF} = {2AE772B1-5916-42E3-9A26-1DC8C3E30A2A}
		{AA19CC41-4A03-4787-B150-13B72FED33FD} = {25CAA3EB-4572-456E-AAC6-2124DFDFF0BF}
		{0B8F483D-545B-415F-A570-DED05453963A} = {2AE772B1-5916-42E3-9A26-1DC8C3E30A2A}
		{CDC4F526-E7E0-4FBD-B99F-D61B0C87E7E2} = {0B8F483D-545B-415F-A570-DED05453963A}
		{A2DEB2F1-D80B-4E2C-B4AD-0097A22E23A1} = {2AE772B1-5916-42E3-9A26-1DC8C3E30A2A}
		{C63C3335-690D-4A83-B2DB-550248553EE8} = {A2DEB2F1-D80B-4E2C-B4AD-0097A22E23A1}
		{F3641341-317F-4AEC-AEB7-35B90DAA73ED} = {2AE772B1-5916-42E3-9A26-1DC8C3E30A2A}
		{682C8E8D-76CC-4C6A-BB0B-59D2A0936B79} = {F3641341-317F-4AEC-AEB7-35B90DAA73ED}
		{9FFE1B16-B4E6-44E4-AB1A-C732474525BB} = {FE31CD77-3595-4FFF-BDA8-907B0DDD7CD6}
		{EE07449D-E452-4A6E-92B0-CCC91CEA8184} = {AF580F3C-EAD3-4C4D-A3E4-C8F50DD800CC}
		{7AC5CDFD-53EC-433D-AD01-AB52C7314364} = {89E6CE4E-8856-4390-AAC5-B9EC9BB77391}
		{8931FE92-E2AC-41FD-9364-BDFF44C396CD} = {7AC5CDFD-53EC-433D-AD01-AB52C7314364}
		{9837D692-9CCF-4820-83E3-7E4E095E3DD4} = {FE31CD77-3595-4FFF-BDA8-907B0DDD7CD6}
	EndGlobalSection
	GlobalSection(ExtensibilityGlobals) = postSolution
		SolutionGuid = {46B81646-5E96-4F6B-966B-2FF531A89CAE}
	EndGlobalSection
EndGlobal
