
Microsoft Visual Studio Solution File, Format Version 12.00
# Visual Studio Version 17
VisualStudioVersion = 17.1.32210.238
MinimumVisualStudioVersion = 10.0.40219.1
Project("{2150E333-8FDC-42A3-9474-1A3956D46DE8}") = "src", "src", "{729AF68E-7295-493A-9607-DD895E6F37DA}"
EndProject
Project("{2150E333-8FDC-42A3-9474-1A3956D46DE8}") = "BuildingBlocks", "BuildingBlocks", "{89E6CE4E-8856-4390-AAC5-B9EC9BB77391}"
EndProject
Project("{2150E333-8FDC-42A3-9474-1A3956D46DE8}") = "Services", "Services", "{2AE772B1-5916-42E3-9A26-1DC8C3E30A2A}"
EndProject
Project("{2150E333-8FDC-42A3-9474-1A3956D46DE8}") = "Web", "Web", "{FE31CD77-3595-4FFF-BDA8-907B0DDD7CD6}"
EndProject
Project("{2150E333-8FDC-42A3-9474-1A3956D46DE8}") = "Identity", "Identity", "{7B6A9B15-0C27-4285-B09F-9ABAAB847D0A}"
EndProject
Project("{2150E333-8FDC-42A3-9474-1A3956D46DE8}") = "tests", "tests", "{4B08FCAC-54AA-4506-BBFD-8E777AD657B3}"
EndProject
Project("{2150E333-8FDC-42A3-9474-1A3956D46DE8}") = "Cart", "Cart", "{3A799C80-06AA-4A1F-96F5-F7892FC32925}"
EndProject
Project("{2150E333-8FDC-42A3-9474-1A3956D46DE8}") = "Core", "Core", "{AF580F3C-EAD3-4C4D-A3E4-C8F50DD800CC}"
EndProject
Project("{2150E333-8FDC-42A3-9474-1A3956D46DE8}") = "Catalog", "Catalog", "{25CAA3EB-4572-456E-AAC6-2124DFDFF0BF}"
EndProject
Project("{2150E333-8FDC-42A3-9474-1A3956D46DE8}") = "Customer", "Customer", "{0B8F483D-545B-415F-A570-DED05453963A}"
EndProject
Project("{2150E333-8FDC-42A3-9474-1A3956D46DE8}") = "Payment", "Payment", "{A2DEB2F1-D80B-4E2C-B4AD-0097A22E23A1}"
EndProject
Project("{2150E333-8FDC-42A3-9474-1A3956D46DE8}") = "Order", "Order", "{F3641341-317F-4AEC-AEB7-35B90DAA73ED}"
EndProject
Project("{2150E333-8FDC-42A3-9474-1A3956D46DE8}") = "MVC", "MVC", "{9FFE1B16-B4E6-44E4-AB1A-C732474525BB}"
EndProject
Project("{2150E333-8FDC-42A3-9474-1A3956D46DE8}") = "Services", "Services", "{7AC5CDFD-53EC-433D-AD01-AB52C7314364}"
EndProject
Project("{9A19103F-16F7-4668-BE54-9A1E7A4F7556}") = "Shared.UnitTests", "tests\BuildingBlocks\Shared.Tests\Shared.UnitTests.csproj", "{1BD2478B-AB57-4880-9867-F7DC7E0B7A53}"
EndProject
Project("{2150E333-8FDC-42A3-9474-1A3956D46DE8}") = "MessageBus", "MessageBus", "{EB81DDED-9518-472C-BD1D-AD0C140BE387}"
EndProject
Project("{FAE04EC0-301F-11D3-BF4B-00C04F79EFBC}") = "Shared", "src\Building Blocks\Core\Shared.csproj", "{4F5358C3-6F21-433C-B56D-17BA3AEB9C2F}"
EndProject
Project("{FAE04EC0-301F-11D3-BF4B-00C04F79EFBC}") = "MessageBus", "src\Building Blocks\MessageBus\MessageBus.csproj", "{7A868043-B922-49A8-8759-9CAB3A56577C}"
EndProject
Project("{FAE04EC0-301F-11D3-BF4B-00C04F79EFBC}") = "Core", "src\Building Blocks\WebAPI.Core\Core.csproj", "{22DA4885-D82E-40A5-A211-329FB5CD4C0B}"
EndProject
Project("{FAE04EC0-301F-11D3-BF4B-00C04F79EFBC}") = "Cart.API", "src\Services\Cart.API\Cart.API.csproj", "{D9985CC4-1731-436C-B1B1-CF4960435AF3}"
EndProject
Project("{FAE04EC0-301F-11D3-BF4B-00C04F79EFBC}") = "Catalog.API", "src\Services\Catalog.API\Catalog.API.csproj", "{9CAA0A35-28D1-4F3B-B79B-07AA9905A80C}"
EndProject
Project("{FAE04EC0-301F-11D3-BF4B-00C04F79EFBC}") = "Customer.API", "src\Services\Customer.API\Customer.API.csproj", "{CFA654FA-5634-4987-A06C-18DC643318BD}"
EndProject
Project("{FAE04EC0-301F-11D3-BF4B-00C04F79EFBC}") = "Identity.API", "src\Services\Identity.API\Identity.API.csproj", "{F3E34FA3-8C98-40AA-BB00-2327D795B77C}"
EndProject
Project("{FAE04EC0-301F-11D3-BF4B-00C04F79EFBC}") = "Order.API", "src\Services\Order.API\Order.API.csproj", "{26A09E22-330D-4E6E-AB15-F84F579DACFF}"
EndProject
Project("{FAE04EC0-301F-11D3-BF4B-00C04F79EFBC}") = "Payment.API", "src\Services\Payment.API\Payment.API.csproj", "{25BB1D31-4CE2-40C9-879E-10BF957D2BDA}"
EndProject
Project("{FAE04EC0-301F-11D3-BF4B-00C04F79EFBC}") = "WebApp.Mvc", "src\Web\WebApp.Mvc\WebApp.Mvc.csproj", "{9716BB37-529B-4F71-B0A2-CF3C1AE650D7}"
EndProject
Global
	GlobalSection(SolutionConfigurationPlatforms) = preSolution
		Debug|Any CPU = Debug|Any CPU
		Release|Any CPU = Release|Any CPU
	EndGlobalSection
	GlobalSection(ProjectConfigurationPlatforms) = postSolution
		{1BD2478B-AB57-4880-9867-F7DC7E0B7A53}.Debug|Any CPU.ActiveCfg = Debug|Any CPU
		{1BD2478B-AB57-4880-9867-F7DC7E0B7A53}.Debug|Any CPU.Build.0 = Debug|Any CPU
		{1BD2478B-AB57-4880-9867-F7DC7E0B7A53}.Release|Any CPU.ActiveCfg = Release|Any CPU
		{1BD2478B-AB57-4880-9867-F7DC7E0B7A53}.Release|Any CPU.Build.0 = Release|Any CPU
		{4F5358C3-6F21-433C-B56D-17BA3AEB9C2F}.Debug|Any CPU.ActiveCfg = Debug|Any CPU
		{4F5358C3-6F21-433C-B56D-17BA3AEB9C2F}.Debug|Any CPU.Build.0 = Debug|Any CPU
		{4F5358C3-6F21-433C-B56D-17BA3AEB9C2F}.Release|Any CPU.ActiveCfg = Release|Any CPU
		{4F5358C3-6F21-433C-B56D-17BA3AEB9C2F}.Release|Any CPU.Build.0 = Release|Any CPU
		{7A868043-B922-49A8-8759-9CAB3A56577C}.Debug|Any CPU.ActiveCfg = Debug|Any CPU
		{7A868043-B922-49A8-8759-9CAB3A56577C}.Debug|Any CPU.Build.0 = Debug|Any CPU
		{7A868043-B922-49A8-8759-9CAB3A56577C}.Release|Any CPU.ActiveCfg = Release|Any CPU
		{7A868043-B922-49A8-8759-9CAB3A56577C}.Release|Any CPU.Build.0 = Release|Any CPU
		{22DA4885-D82E-40A5-A211-329FB5CD4C0B}.Debug|Any CPU.ActiveCfg = Debug|Any CPU
		{22DA4885-D82E-40A5-A211-329FB5CD4C0B}.Debug|Any CPU.Build.0 = Debug|Any CPU
		{22DA4885-D82E-40A5-A211-329FB5CD4C0B}.Release|Any CPU.ActiveCfg = Release|Any CPU
		{22DA4885-D82E-40A5-A211-329FB5CD4C0B}.Release|Any CPU.Build.0 = Release|Any CPU
		{D9985CC4-1731-436C-B1B1-CF4960435AF3}.Debug|Any CPU.ActiveCfg = Debug|Any CPU
		{D9985CC4-1731-436C-B1B1-CF4960435AF3}.Debug|Any CPU.Build.0 = Debug|Any CPU
		{D9985CC4-1731-436C-B1B1-CF4960435AF3}.Release|Any CPU.ActiveCfg = Release|Any CPU
		{D9985CC4-1731-436C-B1B1-CF4960435AF3}.Release|Any CPU.Build.0 = Release|Any CPU
		{9CAA0A35-28D1-4F3B-B79B-07AA9905A80C}.Debug|Any CPU.ActiveCfg = Debug|Any CPU
		{9CAA0A35-28D1-4F3B-B79B-07AA9905A80C}.Debug|Any CPU.Build.0 = Debug|Any CPU
		{9CAA0A35-28D1-4F3B-B79B-07AA9905A80C}.Release|Any CPU.ActiveCfg = Release|Any CPU
		{9CAA0A35-28D1-4F3B-B79B-07AA9905A80C}.Release|Any CPU.Build.0 = Release|Any CPU
		{CFA654FA-5634-4987-A06C-18DC643318BD}.Debug|Any CPU.ActiveCfg = Debug|Any CPU
		{CFA654FA-5634-4987-A06C-18DC643318BD}.Debug|Any CPU.Build.0 = Debug|Any CPU
		{CFA654FA-5634-4987-A06C-18DC643318BD}.Release|Any CPU.ActiveCfg = Release|Any CPU
		{CFA654FA-5634-4987-A06C-18DC643318BD}.Release|Any CPU.Build.0 = Release|Any CPU
		{F3E34FA3-8C98-40AA-BB00-2327D795B77C}.Debug|Any CPU.ActiveCfg = Debug|Any CPU
		{F3E34FA3-8C98-40AA-BB00-2327D795B77C}.Debug|Any CPU.Build.0 = Debug|Any CPU
		{F3E34FA3-8C98-40AA-BB00-2327D795B77C}.Release|Any CPU.ActiveCfg = Release|Any CPU
		{F3E34FA3-8C98-40AA-BB00-2327D795B77C}.Release|Any CPU.Build.0 = Release|Any CPU
		{26A09E22-330D-4E6E-AB15-F84F579DACFF}.Debug|Any CPU.ActiveCfg = Debug|Any CPU
		{26A09E22-330D-4E6E-AB15-F84F579DACFF}.Debug|Any CPU.Build.0 = Debug|Any CPU
		{26A09E22-330D-4E6E-AB15-F84F579DACFF}.Release|Any CPU.ActiveCfg = Release|Any CPU
		{26A09E22-330D-4E6E-AB15-F84F579DACFF}.Release|Any CPU.Build.0 = Release|Any CPU
		{25BB1D31-4CE2-40C9-879E-10BF957D2BDA}.Debug|Any CPU.ActiveCfg = Debug|Any CPU
		{25BB1D31-4CE2-40C9-879E-10BF957D2BDA}.Debug|Any CPU.Build.0 = Debug|Any CPU
		{25BB1D31-4CE2-40C9-879E-10BF957D2BDA}.Release|Any CPU.ActiveCfg = Release|Any CPU
		{25BB1D31-4CE2-40C9-879E-10BF957D2BDA}.Release|Any CPU.Build.0 = Release|Any CPU
		{9716BB37-529B-4F71-B0A2-CF3C1AE650D7}.Debug|Any CPU.ActiveCfg = Debug|Any CPU
		{9716BB37-529B-4F71-B0A2-CF3C1AE650D7}.Debug|Any CPU.Build.0 = Debug|Any CPU
		{9716BB37-529B-4F71-B0A2-CF3C1AE650D7}.Release|Any CPU.ActiveCfg = Release|Any CPU
		{9716BB37-529B-4F71-B0A2-CF3C1AE650D7}.Release|Any CPU.Build.0 = Release|Any CPU
	EndGlobalSection
	GlobalSection(SolutionProperties) = preSolution
		HideSolutionNode = FALSE
	EndGlobalSection
	GlobalSection(NestedProjects) = preSolution
		{89E6CE4E-8856-4390-AAC5-B9EC9BB77391} = {729AF68E-7295-493A-9607-DD895E6F37DA}
		{2AE772B1-5916-42E3-9A26-1DC8C3E30A2A} = {729AF68E-7295-493A-9607-DD895E6F37DA}
		{FE31CD77-3595-4FFF-BDA8-907B0DDD7CD6} = {729AF68E-7295-493A-9607-DD895E6F37DA}
		{7B6A9B15-0C27-4285-B09F-9ABAAB847D0A} = {2AE772B1-5916-42E3-9A26-1DC8C3E30A2A}
		{3A799C80-06AA-4A1F-96F5-F7892FC32925} = {2AE772B1-5916-42E3-9A26-1DC8C3E30A2A}
		{AF580F3C-EAD3-4C4D-A3E4-C8F50DD800CC} = {89E6CE4E-8856-4390-AAC5-B9EC9BB77391}
		{25CAA3EB-4572-456E-AAC6-2124DFDFF0BF} = {2AE772B1-5916-42E3-9A26-1DC8C3E30A2A}
		{0B8F483D-545B-415F-A570-DED05453963A} = {2AE772B1-5916-42E3-9A26-1DC8C3E30A2A}
		{A2DEB2F1-D80B-4E2C-B4AD-0097A22E23A1} = {2AE772B1-5916-42E3-9A26-1DC8C3E30A2A}
		{F3641341-317F-4AEC-AEB7-35B90DAA73ED} = {2AE772B1-5916-42E3-9A26-1DC8C3E30A2A}
		{9FFE1B16-B4E6-44E4-AB1A-C732474525BB} = {FE31CD77-3595-4FFF-BDA8-907B0DDD7CD6}
		{7AC5CDFD-53EC-433D-AD01-AB52C7314364} = {89E6CE4E-8856-4390-AAC5-B9EC9BB77391}
		{1BD2478B-AB57-4880-9867-F7DC7E0B7A53} = {4B08FCAC-54AA-4506-BBFD-8E777AD657B3}
		{EB81DDED-9518-472C-BD1D-AD0C140BE387} = {89E6CE4E-8856-4390-AAC5-B9EC9BB77391}
		{4F5358C3-6F21-433C-B56D-17BA3AEB9C2F} = {AF580F3C-EAD3-4C4D-A3E4-C8F50DD800CC}
		{7A868043-B922-49A8-8759-9CAB3A56577C} = {EB81DDED-9518-472C-BD1D-AD0C140BE387}
		{22DA4885-D82E-40A5-A211-329FB5CD4C0B} = {7AC5CDFD-53EC-433D-AD01-AB52C7314364}
		{D9985CC4-1731-436C-B1B1-CF4960435AF3} = {3A799C80-06AA-4A1F-96F5-F7892FC32925}
		{9CAA0A35-28D1-4F3B-B79B-07AA9905A80C} = {25CAA3EB-4572-456E-AAC6-2124DFDFF0BF}
		{CFA654FA-5634-4987-A06C-18DC643318BD} = {0B8F483D-545B-415F-A570-DED05453963A}
		{F3E34FA3-8C98-40AA-BB00-2327D795B77C} = {7B6A9B15-0C27-4285-B09F-9ABAAB847D0A}
		{26A09E22-330D-4E6E-AB15-F84F579DACFF} = {F3641341-317F-4AEC-AEB7-35B90DAA73ED}
		{25BB1D31-4CE2-40C9-879E-10BF957D2BDA} = {A2DEB2F1-D80B-4E2C-B4AD-0097A22E23A1}
		{9716BB37-529B-4F71-B0A2-CF3C1AE650D7} = {9FFE1B16-B4E6-44E4-AB1A-C732474525BB}
	EndGlobalSection
	GlobalSection(ExtensibilityGlobals) = postSolution
		SolutionGuid = {46B81646-5E96-4F6B-966B-2FF531A89CAE}
	EndGlobalSection
EndGlobal
